
Microsoft Visual Studio Solution File, Format Version 12.00
# Visual Studio 14
VisualStudioVersion = 14.0.25420.1
MinimumVisualStudioVersion = 10.0.40219.1
Project("{FAE04EC0-301F-11D3-BF4B-00C04F79EFBC}") = "Cake.Sonar", "Cake.Sonar\Cake.Sonar.csproj", "{941A2E0E-8F40-49BB-AE1A-993F3309D691}"
EndProject
Project("{FAE04EC0-301F-11D3-BF4B-00C04F79EFBC}") = "Cake.Sonar.Test", "Cake.Sonar.Test\Cake.Sonar.Test.csproj", "{72CA1111-B087-4EB6-8F88-05EE73493640}"
EndProject
Global
	GlobalSection(SolutionConfigurationPlatforms) = preSolution
		Debug|Any CPU = Debug|Any CPU
		Release|Any CPU = Release|Any CPU
	EndGlobalSection
	GlobalSection(ProjectConfigurationPlatforms) = postSolution
		{941A2E0E-8F40-49BB-AE1A-993F3309D691}.Debug|Any CPU.ActiveCfg = Debug|Any CPU
		{941A2E0E-8F40-49BB-AE1A-993F3309D691}.Debug|Any CPU.Build.0 = Debug|Any CPU
		{941A2E0E-8F40-49BB-AE1A-993F3309D691}.Release|Any CPU.ActiveCfg = Release|Any CPU
		{941A2E0E-8F40-49BB-AE1A-993F3309D691}.Release|Any CPU.Build.0 = Release|Any CPU
		{72CA1111-B087-4EB6-8F88-05EE73493640}.Debug|Any CPU.ActiveCfg = Debug|Any CPU
		{72CA1111-B087-4EB6-8F88-05EE73493640}.Debug|Any CPU.Build.0 = Debug|Any CPU
		{72CA1111-B087-4EB6-8F88-05EE73493640}.Release|Any CPU.ActiveCfg = Release|Any CPU
		{72CA1111-B087-4EB6-8F88-05EE73493640}.Release|Any CPU.Build.0 = Release|Any CPU
	EndGlobalSection
	GlobalSection(SolutionProperties) = preSolution
		HideSolutionNode = FALSE
	EndGlobalSection
EndGlobal
